// !$*UTF8*$!
{
	archiveVersion = 1;
	classes = {
	};
	objectVersion = 55;
	objects = {

/* Begin PBXBuildFile section */
		AC0E4CDE28D4F3BA00DAE261 /* SheetView.swift in Sources */ = {isa = PBXBuildFile; fileRef = AC0E4CDD28D4F3BA00DAE261 /* SheetView.swift */; };
		AC4CA7A228D519850080B092 /* db.swift in Sources */ = {isa = PBXBuildFile; fileRef = AC4CA7A128D519850080B092 /* db.swift */; };
		AC8C988028D473C2007AD937 /* ListItemRow.swift in Sources */ = {isa = PBXBuildFile; fileRef = AC8C987F28D473C2007AD937 /* ListItemRow.swift */; };
		AC8EB0A228D457C300875873 /* swift_todoApp.swift in Sources */ = {isa = PBXBuildFile; fileRef = AC8EB0A128D457C300875873 /* swift_todoApp.swift */; };
		AC8EB0A428D457C300875873 /* ContentView.swift in Sources */ = {isa = PBXBuildFile; fileRef = AC8EB0A328D457C300875873 /* ContentView.swift */; };
		AC8EB0A628D457C400875873 /* Assets.xcassets in Resources */ = {isa = PBXBuildFile; fileRef = AC8EB0A528D457C400875873 /* Assets.xcassets */; };
		AC8EB0A928D457C400875873 /* Preview Assets.xcassets in Resources */ = {isa = PBXBuildFile; fileRef = AC8EB0A828D457C400875873 /* Preview Assets.xcassets */; };
		ACEEE02C28D4B1AC00304FED /* CreateTodo.swift in Sources */ = {isa = PBXBuildFile; fileRef = ACEEE02B28D4B1AC00304FED /* CreateTodo.swift */; };
		D61B0441B2845F18E7A36689 /* Pods_swift_todo.framework in Frameworks */ = {isa = PBXBuildFile; fileRef = F2E38298CB517EF8A12BF613 /* Pods_swift_todo.framework */; };
/* End PBXBuildFile section */

/* Begin PBXFileReference section */
		13996B3D1653F471C63B45C3 /* Pods-swift-todo.release.xcconfig */ = {isa = PBXFileReference; includeInIndex = 1; lastKnownFileType = text.xcconfig; name = "Pods-swift-todo.release.xcconfig"; path = "Target Support Files/Pods-swift-todo/Pods-swift-todo.release.xcconfig"; sourceTree = "<group>"; };
		443273E8D5660DD3A9C8A10B /* Pods-swift-todo.debug.xcconfig */ = {isa = PBXFileReference; includeInIndex = 1; lastKnownFileType = text.xcconfig; name = "Pods-swift-todo.debug.xcconfig"; path = "Target Support Files/Pods-swift-todo/Pods-swift-todo.debug.xcconfig"; sourceTree = "<group>"; };
		AC0E4CDD28D4F3BA00DAE261 /* SheetView.swift */ = {isa = PBXFileReference; lastKnownFileType = sourcecode.swift; path = SheetView.swift; sourceTree = "<group>"; };
		AC4CA7A128D519850080B092 /* db.swift */ = {isa = PBXFileReference; lastKnownFileType = sourcecode.swift; path = db.swift; sourceTree = "<group>"; };
		AC8C987F28D473C2007AD937 /* ListItemRow.swift */ = {isa = PBXFileReference; lastKnownFileType = sourcecode.swift; path = ListItemRow.swift; sourceTree = "<group>"; };
		AC8EB09E28D457C200875873 /* swift-todo.app */ = {isa = PBXFileReference; explicitFileType = wrapper.application; includeInIndex = 0; path = "swift-todo.app"; sourceTree = BUILT_PRODUCTS_DIR; };
		AC8EB0A128D457C300875873 /* swift_todoApp.swift */ = {isa = PBXFileReference; lastKnownFileType = sourcecode.swift; path = swift_todoApp.swift; sourceTree = "<group>"; };
		AC8EB0A328D457C300875873 /* ContentView.swift */ = {isa = PBXFileReference; lastKnownFileType = sourcecode.swift; path = ContentView.swift; sourceTree = "<group>"; };
		AC8EB0A528D457C400875873 /* Assets.xcassets */ = {isa = PBXFileReference; lastKnownFileType = folder.assetcatalog; path = Assets.xcassets; sourceTree = "<group>"; };
		AC8EB0A828D457C400875873 /* Preview Assets.xcassets */ = {isa = PBXFileReference; lastKnownFileType = folder.assetcatalog; path = "Preview Assets.xcassets"; sourceTree = "<group>"; };
		ACEEE02B28D4B1AC00304FED /* CreateTodo.swift */ = {isa = PBXFileReference; lastKnownFileType = sourcecode.swift; path = CreateTodo.swift; sourceTree = "<group>"; };
		F2E38298CB517EF8A12BF613 /* Pods_swift_todo.framework */ = {isa = PBXFileReference; explicitFileType = wrapper.framework; includeInIndex = 0; path = Pods_swift_todo.framework; sourceTree = BUILT_PRODUCTS_DIR; };
/* End PBXFileReference section */

/* Begin PBXFrameworksBuildPhase section */
		AC8EB09B28D457C200875873 /* Frameworks */ = {
			isa = PBXFrameworksBuildPhase;
			buildActionMask = 2147483647;
			files = (
				D61B0441B2845F18E7A36689 /* Pods_swift_todo.framework in Frameworks */,
			);
			runOnlyForDeploymentPostprocessing = 0;
		};
/* End PBXFrameworksBuildPhase section */

/* Begin PBXGroup section */
		67CDBC00CD677B0FE479F425 /* Frameworks */ = {
			isa = PBXGroup;
			children = (
				F2E38298CB517EF8A12BF613 /* Pods_swift_todo.framework */,
			);
			name = Frameworks;
			sourceTree = "<group>";
		};
		AC4CA79F28D5195B0080B092 /* helper */ = {
			isa = PBXGroup;
			children = (
				AC4CA7A128D519850080B092 /* db.swift */,
			);
			path = helper;
			sourceTree = "<group>";
		};
		AC4CA7A028D519620080B092 /* model */ = {
			isa = PBXGroup;
			children = (
			);
			path = model;
			sourceTree = "<group>";
		};
		AC8EB09528D457C200875873 = {
			isa = PBXGroup;
			children = (
				AC8EB0A028D457C200875873 /* swift-todo */,
				AC8EB09F28D457C200875873 /* Products */,
				D10F3E09330260B33BE3599E /* Pods */,
				67CDBC00CD677B0FE479F425 /* Frameworks */,
			);
			sourceTree = "<group>";
		};
		AC8EB09F28D457C200875873 /* Products */ = {
			isa = PBXGroup;
			children = (
				AC8EB09E28D457C200875873 /* swift-todo.app */,
			);
			name = Products;
			sourceTree = "<group>";
		};
		AC8EB0A028D457C200875873 /* swift-todo */ = {
			isa = PBXGroup;
			children = (
				AC4CA7A028D519620080B092 /* model */,
				AC4CA79F28D5195B0080B092 /* helper */,
				AC8EB0A128D457C300875873 /* swift_todoApp.swift */,
				AC8EB0A328D457C300875873 /* ContentView.swift */,
				AC0E4CDD28D4F3BA00DAE261 /* SheetView.swift */,
				ACEEE02B28D4B1AC00304FED /* CreateTodo.swift */,
				AC8C987F28D473C2007AD937 /* ListItemRow.swift */,
				AC8EB0A528D457C400875873 /* Assets.xcassets */,
				AC8EB0A728D457C400875873 /* Preview Content */,
			);
			path = "swift-todo";
			sourceTree = "<group>";
		};
		AC8EB0A728D457C400875873 /* Preview Content */ = {
			isa = PBXGroup;
			children = (
				AC8EB0A828D457C400875873 /* Preview Assets.xcassets */,
			);
			path = "Preview Content";
			sourceTree = "<group>";
		};
		D10F3E09330260B33BE3599E /* Pods */ = {
			isa = PBXGroup;
			children = (
				443273E8D5660DD3A9C8A10B /* Pods-swift-todo.debug.xcconfig */,
				13996B3D1653F471C63B45C3 /* Pods-swift-todo.release.xcconfig */,
			);
			path = Pods;
			sourceTree = "<group>";
		};
/* End PBXGroup section */

/* Begin PBXNativeTarget section */
		AC8EB09D28D457C200875873 /* swift-todo */ = {
			isa = PBXNativeTarget;
			buildConfigurationList = AC8EB0AC28D457C400875873 /* Build configuration list for PBXNativeTarget "swift-todo" */;
			buildPhases = (
				443676D5501BAE5197E6EE49 /* [CP] Check Pods Manifest.lock */,
				AC8EB09A28D457C200875873 /* Sources */,
				AC8EB09B28D457C200875873 /* Frameworks */,
				AC8EB09C28D457C200875873 /* Resources */,
				64D7D13F2014516E192F7794 /* [CP] Embed Pods Frameworks */,
			);
			buildRules = (
			);
			dependencies = (
			);
			name = "swift-todo";
			productName = "swift-todo";
			productReference = AC8EB09E28D457C200875873 /* swift-todo.app */;
			productType = "com.apple.product-type.application";
		};
/* End PBXNativeTarget section */

/* Begin PBXProject section */
		AC8EB09628D457C200875873 /* Project object */ = {
			isa = PBXProject;
			attributes = {
				BuildIndependentTargetsInParallel = 1;
				LastSwiftUpdateCheck = 1330;
				LastUpgradeCheck = 1330;
				TargetAttributes = {
					AC8EB09D28D457C200875873 = {
						CreatedOnToolsVersion = 13.3.1;
					};
				};
			};
			buildConfigurationList = AC8EB09928D457C200875873 /* Build configuration list for PBXProject "swift-todo" */;
			compatibilityVersion = "Xcode 13.0";
			developmentRegion = en;
			hasScannedForEncodings = 0;
			knownRegions = (
				en,
				Base,
			);
			mainGroup = AC8EB09528D457C200875873;
			productRefGroup = AC8EB09F28D457C200875873 /* Products */;
			projectDirPath = "";
			projectRoot = "";
			targets = (
				AC8EB09D28D457C200875873 /* swift-todo */,
			);
		};
/* End PBXProject section */

/* Begin PBXResourcesBuildPhase section */
		AC8EB09C28D457C200875873 /* Resources */ = {
			isa = PBXResourcesBuildPhase;
			buildActionMask = 2147483647;
			files = (
				AC8EB0A928D457C400875873 /* Preview Assets.xcassets in Resources */,
				AC8EB0A628D457C400875873 /* Assets.xcassets in Resources */,
			);
			runOnlyForDeploymentPostprocessing = 0;
		};
/* End PBXResourcesBuildPhase section */

/* Begin PBXShellScriptBuildPhase section */
		443676D5501BAE5197E6EE49 /* [CP] Check Pods Manifest.lock */ = {
			isa = PBXShellScriptBuildPhase;
			buildActionMask = 2147483647;
			files = (
			);
			inputFileListPaths = (
			);
			inputPaths = (
				"${PODS_PODFILE_DIR_PATH}/Podfile.lock",
				"${PODS_ROOT}/Manifest.lock",
			);
			name = "[CP] Check Pods Manifest.lock";
			outputFileListPaths = (
			);
			outputPaths = (
				"$(DERIVED_FILE_DIR)/Pods-swift-todo-checkManifestLockResult.txt",
			);
			runOnlyForDeploymentPostprocessing = 0;
			shellPath = /bin/sh;
			shellScript = "diff \"${PODS_PODFILE_DIR_PATH}/Podfile.lock\" \"${PODS_ROOT}/Manifest.lock\" > /dev/null\nif [ $? != 0 ] ; then\n    # print error to STDERR\n    echo \"error: The sandbox is not in sync with the Podfile.lock. Run 'pod install' or update your CocoaPods installation.\" >&2\n    exit 1\nfi\n# This output is used by Xcode 'outputs' to avoid re-running this script phase.\necho \"SUCCESS\" > \"${SCRIPT_OUTPUT_FILE_0}\"\n";
			showEnvVarsInLog = 0;
		};
		64D7D13F2014516E192F7794 /* [CP] Embed Pods Frameworks */ = {
			isa = PBXShellScriptBuildPhase;
			buildActionMask = 2147483647;
			files = (
			);
			inputFileListPaths = (
				"${PODS_ROOT}/Target Support Files/Pods-swift-todo/Pods-swift-todo-frameworks-${CONFIGURATION}-input-files.xcfilelist",
			);
			name = "[CP] Embed Pods Frameworks";
			outputFileListPaths = (
				"${PODS_ROOT}/Target Support Files/Pods-swift-todo/Pods-swift-todo-frameworks-${CONFIGURATION}-output-files.xcfilelist",
			);
			runOnlyForDeploymentPostprocessing = 0;
			shellPath = /bin/sh;
			shellScript = "\"${PODS_ROOT}/Target Support Files/Pods-swift-todo/Pods-swift-todo-frameworks.sh\"\n";
			showEnvVarsInLog = 0;
		};
/* End PBXShellScriptBuildPhase section */

/* Begin PBXSourcesBuildPhase section */
		AC8EB09A28D457C200875873 /* Sources */ = {
			isa = PBXSourcesBuildPhase;
			buildActionMask = 2147483647;
			files = (
				AC8EB0A428D457C300875873 /* ContentView.swift in Sources */,
				AC4CA7A228D519850080B092 /* db.swift in Sources */,
				ACEEE02C28D4B1AC00304FED /* CreateTodo.swift in Sources */,
				AC0E4CDE28D4F3BA00DAE261 /* SheetView.swift in Sources */,
				AC8EB0A228D457C300875873 /* swift_todoApp.swift in Sources */,
				AC8C988028D473C2007AD937 /* ListItemRow.swift in Sources */,
			);
			runOnlyForDeploymentPostprocessing = 0;
		};
/* End PBXSourcesBuildPhase section */

/* Begin XCBuildConfiguration section */
		AC8EB0AA28D457C400875873 /* Debug */ = {
			isa = XCBuildConfiguration;
			buildSettings = {
				ALWAYS_SEARCH_USER_PATHS = NO;
				CLANG_ANALYZER_NONNULL = YES;
				CLANG_ANALYZER_NUMBER_OBJECT_CONVERSION = YES_AGGRESSIVE;
				CLANG_CXX_LANGUAGE_STANDARD = "gnu++17";
				CLANG_ENABLE_MODULES = YES;
				CLANG_ENABLE_OBJC_ARC = YES;
				CLANG_ENABLE_OBJC_WEAK = YES;
				CLANG_WARN_BLOCK_CAPTURE_AUTORELEASING = YES;
				CLANG_WARN_BOOL_CONVERSION = YES;
				CLANG_WARN_COMMA = YES;
				CLANG_WARN_CONSTANT_CONVERSION = YES;
				CLANG_WARN_DEPRECATED_OBJC_IMPLEMENTATIONS = YES;
				CLANG_WARN_DIRECT_OBJC_ISA_USAGE = YES_ERROR;
				CLANG_WARN_DOCUMENTATION_COMMENTS = YES;
				CLANG_WARN_EMPTY_BODY = YES;
				CLANG_WARN_ENUM_CONVERSION = YES;
				CLANG_WARN_INFINITE_RECURSION = YES;
				CLANG_WARN_INT_CONVERSION = YES;
				CLANG_WARN_NON_LITERAL_NULL_CONVERSION = YES;
				CLANG_WARN_OBJC_IMPLICIT_RETAIN_SELF = YES;
				CLANG_WARN_OBJC_LITERAL_CONVERSION = YES;
				CLANG_WARN_OBJC_ROOT_CLASS = YES_ERROR;
				CLANG_WARN_QUOTED_INCLUDE_IN_FRAMEWORK_HEADER = YES;
				CLANG_WARN_RANGE_LOOP_ANALYSIS = YES;
				CLANG_WARN_STRICT_PROTOTYPES = YES;
				CLANG_WARN_SUSPICIOUS_MOVE = YES;
				CLANG_WARN_UNGUARDED_AVAILABILITY = YES_AGGRESSIVE;
				CLANG_WARN_UNREACHABLE_CODE = YES;
				CLANG_WARN__DUPLICATE_METHOD_MATCH = YES;
				COPY_PHASE_STRIP = NO;
				DEBUG_INFORMATION_FORMAT = dwarf;
				ENABLE_STRICT_OBJC_MSGSEND = YES;
				ENABLE_TESTABILITY = YES;
				GCC_C_LANGUAGE_STANDARD = gnu11;
				GCC_DYNAMIC_NO_PIC = NO;
				GCC_NO_COMMON_BLOCKS = YES;
				GCC_OPTIMIZATION_LEVEL = 0;
				GCC_PREPROCESSOR_DEFINITIONS = (
					"DEBUG=1",
					"$(inherited)",
				);
				GCC_WARN_64_TO_32_BIT_CONVERSION = YES;
				GCC_WARN_ABOUT_RETURN_TYPE = YES_ERROR;
				GCC_WARN_UNDECLARED_SELECTOR = YES;
				GCC_WARN_UNINITIALIZED_AUTOS = YES_AGGRESSIVE;
				GCC_WARN_UNUSED_FUNCTION = YES;
				GCC_WARN_UNUSED_VARIABLE = YES;
				IPHONEOS_DEPLOYMENT_TARGET = 15.4;
				MTL_ENABLE_DEBUG_INFO = INCLUDE_SOURCE;
				MTL_FAST_MATH = YES;
				ONLY_ACTIVE_ARCH = YES;
				SDKROOT = iphoneos;
				SWIFT_ACTIVE_COMPILATION_CONDITIONS = DEBUG;
				SWIFT_OPTIMIZATION_LEVEL = "-Onone";
			};
			name = Debug;
		};
		AC8EB0AB28D457C400875873 /* Release */ = {
			isa = XCBuildConfiguration;
			buildSettings = {
				ALWAYS_SEARCH_USER_PATHS = NO;
				CLANG_ANALYZER_NONNULL = YES;
				CLANG_ANALYZER_NUMBER_OBJECT_CONVERSION = YES_AGGRESSIVE;
				CLANG_CXX_LANGUAGE_STANDARD = "gnu++17";
				CLANG_ENABLE_MODULES = YES;
				CLANG_ENABLE_OBJC_ARC = YES;
				CLANG_ENABLE_OBJC_WEAK = YES;
				CLANG_WARN_BLOCK_CAPTURE_AUTORELEASING = YES;
				CLANG_WARN_BOOL_CONVERSION = YES;
				CLANG_WARN_COMMA = YES;
				CLANG_WARN_CONSTANT_CONVERSION = YES;
				CLANG_WARN_DEPRECATED_OBJC_IMPLEMENTATIONS = YES;
				CLANG_WARN_DIRECT_OBJC_ISA_USAGE = YES_ERROR;
				CLANG_WARN_DOCUMENTATION_COMMENTS = YES;
				CLANG_WARN_EMPTY_BODY = YES;
				CLANG_WARN_ENUM_CONVERSION = YES;
				CLANG_WARN_INFINITE_RECURSION = YES;
				CLANG_WARN_INT_CONVERSION = YES;
				CLANG_WARN_NON_LITERAL_NULL_CONVERSION = YES;
				CLANG_WARN_OBJC_IMPLICIT_RETAIN_SELF = YES;
				CLANG_WARN_OBJC_LITERAL_CONVERSION = YES;
				CLANG_WARN_OBJC_ROOT_CLASS = YES_ERROR;
				CLANG_WARN_QUOTED_INCLUDE_IN_FRAMEWORK_HEADER = YES;
				CLANG_WARN_RANGE_LOOP_ANALYSIS = YES;
				CLANG_WARN_STRICT_PROTOTYPES = YES;
				CLANG_WARN_SUSPICIOUS_MOVE = YES;
				CLANG_WARN_UNGUARDED_AVAILABILITY = YES_AGGRESSIVE;
				CLANG_WARN_UNREACHABLE_CODE = YES;
				CLANG_WARN__DUPLICATE_METHOD_MATCH = YES;
				COPY_PHASE_STRIP = NO;
				DEBUG_INFORMATION_FORMAT = "dwarf-with-dsym";
				ENABLE_NS_ASSERTIONS = NO;
				ENABLE_STRICT_OBJC_MSGSEND = YES;
				GCC_C_LANGUAGE_STANDARD = gnu11;
				GCC_NO_COMMON_BLOCKS = YES;
				GCC_WARN_64_TO_32_BIT_CONVERSION = YES;
				GCC_WARN_ABOUT_RETURN_TYPE = YES_ERROR;
				GCC_WARN_UNDECLARED_SELECTOR = YES;
				GCC_WARN_UNINITIALIZED_AUTOS = YES_AGGRESSIVE;
				GCC_WARN_UNUSED_FUNCTION = YES;
				GCC_WARN_UNUSED_VARIABLE = YES;
				IPHONEOS_DEPLOYMENT_TARGET = 15.4;
				MTL_ENABLE_DEBUG_INFO = NO;
				MTL_FAST_MATH = YES;
				SDKROOT = iphoneos;
				SWIFT_COMPILATION_MODE = wholemodule;
				SWIFT_OPTIMIZATION_LEVEL = "-O";
				VALIDATE_PRODUCT = YES;
			};
			name = Release;
		};
		AC8EB0AD28D457C400875873 /* Debug */ = {
			isa = XCBuildConfiguration;
			baseConfigurationReference = 443273E8D5660DD3A9C8A10B /* Pods-swift-todo.debug.xcconfig */;
			buildSettings = {
				ASSETCATALOG_COMPILER_APPICON_NAME = AppIcon;
				ASSETCATALOG_COMPILER_GLOBAL_ACCENT_COLOR_NAME = AccentColor;
				CODE_SIGN_STYLE = Automatic;
				CURRENT_PROJECT_VERSION = 1;
				DEVELOPMENT_ASSET_PATHS = "\"swift-todo/Preview Content\"";
				DEVELOPMENT_TEAM = 35PXW7B48F;
				ENABLE_PREVIEWS = YES;
				GENERATE_INFOPLIST_FILE = YES;
				INFOPLIST_KEY_UIApplicationSceneManifest_Generation = YES;
				INFOPLIST_KEY_UIApplicationSupportsIndirectInputEvents = YES;
				INFOPLIST_KEY_UILaunchScreen_Generation = YES;
				INFOPLIST_KEY_UISupportedInterfaceOrientations_iPad = "UIInterfaceOrientationPortrait UIInterfaceOrientationPortraitUpsideDown UIInterfaceOrientationLandscapeLeft UIInterfaceOrientationLandscapeRight";
				INFOPLIST_KEY_UISupportedInterfaceOrientations_iPhone = "UIInterfaceOrientationPortrait UIInterfaceOrientationLandscapeLeft UIInterfaceOrientationLandscapeRight";
				LD_RUNPATH_SEARCH_PATHS = (
					"$(inherited)",
					"@executable_path/Frameworks",
				);
				MARKETING_VERSION = 1.0;
				PRODUCT_BUNDLE_IDENTIFIER = "com.osmangokmen.swift-todo";
				PRODUCT_NAME = "$(TARGET_NAME)";
				SWIFT_EMIT_LOC_STRINGS = YES;
				SWIFT_VERSION = 5.0;
				TARGETED_DEVICE_FAMILY = "1,2";
			};
			name = Debug;
		};
		AC8EB0AE28D457C400875873 /* Release */ = {
			isa = XCBuildConfiguration;
			baseConfigurationReference = 13996B3D1653F471C63B45C3 /* Pods-swift-todo.release.xcconfig */;
			buildSettings = {
				ASSETCATALOG_COMPILER_APPICON_NAME = AppIcon;
				ASSETCATALOG_COMPILER_GLOBAL_ACCENT_COLOR_NAME = AccentColor;
				CODE_SIGN_STYLE = Automatic;
				CURRENT_PROJECT_VERSION = 1;
				DEVELOPMENT_ASSET_PATHS = "\"swift-todo/Preview Content\"";
				DEVELOPMENT_TEAM = 35PXW7B48F;
				ENABLE_PREVIEWS = YES;
				GENERATE_INFOPLIST_FILE = YES;
				INFOPLIST_KEY_UIApplicationSceneManifest_Generation = YES;
				INFOPLIST_KEY_UIApplicationSupportsIndirectInputEvents = YES;
				INFOPLIST_KEY_UILaunchScreen_Generation = YES;
				INFOPLIST_KEY_UISupportedInterfaceOrientations_iPad = "UIInterfaceOrientationPortrait UIInterfaceOrientationPortraitUpsideDown UIInterfaceOrientationLandscapeLeft UIInterfaceOrientationLandscapeRight";
				INFOPLIST_KEY_UISupportedInterfaceOrientations_iPhone = "UIInterfaceOrientationPortrait UIInterfaceOrientationLandscapeLeft UIInterfaceOrientationLandscapeRight";
				LD_RUNPATH_SEARCH_PATHS = (
					"$(inherited)",
					"@executable_path/Frameworks",
				);
				MARKETING_VERSION = 1.0;
				PRODUCT_BUNDLE_IDENTIFIER = "com.osmangokmen.swift-todo";
				PRODUCT_NAME = "$(TARGET_NAME)";
				SWIFT_EMIT_LOC_STRINGS = YES;
				SWIFT_VERSION = 5.0;
				TARGETED_DEVICE_FAMILY = "1,2";
			};
			name = Release;
		};
/* End XCBuildConfiguration section */

/* Begin XCConfigurationList section */
		AC8EB09928D457C200875873 /* Build configuration list for PBXProject "swift-todo" */ = {
			isa = XCConfigurationList;
			buildConfigurations = (
				AC8EB0AA28D457C400875873 /* Debug */,
				AC8EB0AB28D457C400875873 /* Release */,
			);
			defaultConfigurationIsVisible = 0;
			defaultConfigurationName = Release;
		};
		AC8EB0AC28D457C400875873 /* Build configuration list for PBXNativeTarget "swift-todo" */ = {
			isa = XCConfigurationList;
			buildConfigurations = (
				AC8EB0AD28D457C400875873 /* Debug */,
				AC8EB0AE28D457C400875873 /* Release */,
			);
			defaultConfigurationIsVisible = 0;
			defaultConfigurationName = Release;
		};
/* End XCConfigurationList section */
	};
	rootObject = AC8EB09628D457C200875873 /* Project object */;
}
